
Microsoft Visual Studio Solution File, Format Version 12.00
# Visual Studio Version 17
VisualStudioVersion = 17.9.34728.123
MinimumVisualStudioVersion = 10.0.40219.1
Project("{FAE04EC0-301F-11D3-BF4B-00C04F79EFBC}") = "HashGen", "HashGen\HashGen.csproj", "{B434BD73-771B-4AC2-AB2B-EFF146954AF5}"
EndProject
Global
	GlobalSection(SolutionConfigurationPlatforms) = preSolution
		Debug|Any CPU = Debug|Any CPU
		Release|Any CPU = Release|Any CPU
	EndGlobalSection
	GlobalSection(ProjectConfigurationPlatforms) = postSolution
		{B434BD73-771B-4AC2-AB2B-EFF146954AF5}.Debug|Any CPU.ActiveCfg = Debug|Any CPU
		{B434BD73-771B-4AC2-AB2B-EFF146954AF5}.Debug|Any CPU.Build.0 = Debug|Any CPU
		{B434BD73-771B-4AC2-AB2B-EFF146954AF5}.Release|Any CPU.ActiveCfg = Release|Any CPU
		{B434BD73-771B-4AC2-AB2B-EFF146954AF5}.Release|Any CPU.Build.0 = Release|Any CPU
	EndGlobalSection
	GlobalSection(SolutionProperties) = preSolution
		HideSolutionNode = FALSE
	EndGlobalSection
	GlobalSection(ExtensibilityGlobals) = postSolution
		SolutionGuid = {70ED7992-1DFC-457F-A4E9-864D8DB43E41}
	EndGlobalSection
EndGlobal
